
Microsoft Visual Studio Solution File, Format Version 11.00
# Visual Studio 2010
Project("{FAE04EC0-301F-11D3-BF4B-00C04F79EFBC}") = "unity-handchase", "Assembly-CSharp.csproj", "{759A7F8F-2BDB-6BAD-B6F3-ED6C980A2C68}"
EndProject
Project("{FAE04EC0-301F-11D3-BF4B-00C04F79EFBC}") = "unity-handchase", "Assembly-CSharp-Editor.csproj", "{2D41A95D-9252-923A-DE4A-6726082ABCF4}"
EndProject
Global
	GlobalSection(SolutionConfigurationPlatforms) = preSolution
		Debug|Any CPU = Debug|Any CPU
		Release|Any CPU = Release|Any CPU
	EndGlobalSection
	GlobalSection(ProjectConfigurationPlatforms) = postSolution
		{759A7F8F-2BDB-6BAD-B6F3-ED6C980A2C68}.Debug|Any CPU.ActiveCfg = Debug|Any CPU
		{759A7F8F-2BDB-6BAD-B6F3-ED6C980A2C68}.Debug|Any CPU.Build.0 = Debug|Any CPU
		{759A7F8F-2BDB-6BAD-B6F3-ED6C980A2C68}.Release|Any CPU.ActiveCfg = Release|Any CPU
		{759A7F8F-2BDB-6BAD-B6F3-ED6C980A2C68}.Release|Any CPU.Build.0 = Release|Any CPU
		{2D41A95D-9252-923A-DE4A-6726082ABCF4}.Debug|Any CPU.ActiveCfg = Debug|Any CPU
		{2D41A95D-9252-923A-DE4A-6726082ABCF4}.Debug|Any CPU.Build.0 = Debug|Any CPU
		{2D41A95D-9252-923A-DE4A-6726082ABCF4}.Release|Any CPU.ActiveCfg = Release|Any CPU
		{2D41A95D-9252-923A-DE4A-6726082ABCF4}.Release|Any CPU.Build.0 = Release|Any CPU
	EndGlobalSection
	GlobalSection(SolutionProperties) = preSolution
		HideSolutionNode = FALSE
	EndGlobalSection
	GlobalSection(MonoDevelopProperties) = preSolution
		StartupItem = Assembly-CSharp.csproj
	EndGlobalSection
EndGlobal
